
Microsoft Visual Studio Solution File, Format Version 12.00
# Visual Studio Version 17
VisualStudioVersion = 17.0.31903.59
MinimumVisualStudioVersion = 10.0.40219.1
Project("{FAE04EC0-301F-11D3-BF4B-00C04F79EFBC}") = "Dotisan.Assert", "Dotisan.Assert\Dotisan.Assert.csproj", "{9354C813-F7CF-44FD-B0A0-99A114BEED4F}"
EndProject
Project("{FAE04EC0-301F-11D3-BF4B-00C04F79EFBC}") = "Dotisan.CoverageGuard", "Dotisan.CoverageGuard\Dotisan.CoverageGuard.csproj", "{74532B65-AA40-4286-BB2B-E1F32F303636}"
EndProject
Project("{FAE04EC0-301F-11D3-BF4B-00C04F79EFBC}") = "Dotisan.Factory", "Dotisan.Factory\Dotisan.Factory.csproj", "{0C33D340-417E-473A-9B47-468B201B7CD6}"
EndProject
Project("{FAE04EC0-301F-11D3-BF4B-00C04F79EFBC}") = "Dotisan.FeatureToggle", "Dotisan.FeatureToggle\Dotisan.FeatureToggle.csproj", "{95ABFD99-D315-4E7C-B601-60ED4F7CE7A4}"
EndProject
Project("{FAE04EC0-301F-11D3-BF4B-00C04F79EFBC}") = "Dotisan.Mock", "Dotisan.Mock\Dotisan.Mock.csproj", "{E4ECF47D-B94F-4B16-9917-855F8EA0EE2D}"
EndProject
Project("{FAE04EC0-301F-11D3-BF4B-00C04F79EFBC}") = "Dotisan.Report", "Dotisan.Report\Dotisan.Report.csproj", "{BCB956DF-0AED-49F8-8D0F-4DC6F997027B}"
EndProject
Project("{FAE04EC0-301F-11D3-BF4B-00C04F79EFBC}") = "Dotisan.Snapshot", "Dotisan.Snapshot\Dotisan.Snapshot.csproj", "{03D6BE8D-1ED5-4786-ADF7-7CA8B48F3D35}"
EndProject
Project("{FAE04EC0-301F-11D3-BF4B-00C04F79EFBC}") = "Dotisan.Templates", "Dotisan.Templates\Dotisan.Templates.csproj", "{7663F9A0-0E9B-4A38-8DAB-8C3BE8CD7320}"
EndProject
Project("{FAE04EC0-301F-11D3-BF4B-00C04F79EFBC}") = "Dotisan.All", "Dotisan.All\Dotisan.All.csproj", "{090A4387-A19F-4285-AC94-DEB986F288C1}"
EndProject
Project("{FAE04EC0-301F-11D3-BF4B-00C04F79EFBC}") = "Dotisan.Unit", "Dotisan.Unit\Dotisan.Unit.csproj", "{E731F9A9-A82F-4C92-A93B-34A13D7C950A}"
EndProject
Project("{FAE04EC0-301F-11D3-BF4B-00C04F79EFBC}") = "Dotisan.Coverage", "Dotisan.Coverage\Dotisan.Coverage.csproj", "{25AFE497-AD66-41B5-9AD0-58C2B713F466}"
EndProject
Project("{FAE04EC0-301F-11D3-BF4B-00C04F79EFBC}") = "Dotisan.CoverageReport", "Dotisan.CoverageReport\Dotisan.CoverageReport.csproj", "{C136AC8B-74C2-4C1C-A2D1-2E886508D7B5}"
EndProject
Project("{FAE04EC0-301F-11D3-BF4B-00C04F79EFBC}") = "Dotisan.Stub", "Dotisan.Stub\Dotisan.Stub.csproj", "{B9797F4C-9F3B-4E1F-A9C8-FDB3026B534E}"
EndProject
Project("{FAE04EC0-301F-11D3-BF4B-00C04F79EFBC}") = "Dotisan.Faker", "Dotisan.Faker\Dotisan.Faker.csproj", "{EC269094-AA1A-469B-BA8A-D81DA9AEC0F3}"
EndProject
Project("{FAE04EC0-301F-11D3-BF4B-00C04F79EFBC}") = "Dotisan.Timer", "Dotisan.Timer\Dotisan.Timer.csproj", "{254CF085-6535-4FA2-B3D7-93F52DE4FE82}"
EndProject
Project("{FAE04EC0-301F-11D3-BF4B-00C04F79EFBC}") = "Dotisan.Sandbox", "Dotisan.Sandbox\Dotisan.Sandbox.csproj", "{8BD13B36-AED5-44E4-8520-9C49C38D2937}"
EndProject
Project("{FAE04EC0-301F-11D3-BF4B-00C04F79EFBC}") = "Dotisan.Parallel", "Dotisan.Parallel\Dotisan.Parallel.csproj", "{A59CC99A-A53A-410D-9DB1-0475B2E02264}"
EndProject
Project("{FAE04EC0-301F-11D3-BF4B-00C04F79EFBC}") = "Dotisan.Retry", "Dotisan.Retry\Dotisan.Retry.csproj", "{52BED5AA-597B-4E06-8F94-762C1C6AAA1B}"
EndProject
Project("{FAE04EC0-301F-11D3-BF4B-00C04F79EFBC}") = "Dotisan.Golden", "Dotisan.Golden\Dotisan.Golden.csproj", "{54025E52-FD02-4CDF-8C3C-143073AC4D9C}"
EndProject
Project("{FAE04EC0-301F-11D3-BF4B-00C04F79EFBC}") = "Dotisan.HttpMock", "Dotisan.HttpMock\Dotisan.HttpMock.csproj", "{410341D5-1E20-4EB0-B6B4-C1198F9BDAE3}"
EndProject
Project("{FAE04EC0-301F-11D3-BF4B-00C04F79EFBC}") = "Dotisan.DbSnapshot", "Dotisan.DbSnapshot\Dotisan.DbSnapshot.csproj", "{CDFAD4B0-AE96-4E62-B935-7341CF89BC1D}"
EndProject
Project("{FAE04EC0-301F-11D3-BF4B-00C04F79EFBC}") = "Dotisan.EventReplay", "Dotisan.EventReplay\Dotisan.EventReplay.csproj", "{2EE9174E-DB6E-4D17-BBCE-D18D33F88D54}"
EndProject
Project("{FAE04EC0-301F-11D3-BF4B-00C04F79EFBC}") = "Dotisan.ApiContract", "Dotisan.ApiContract\Dotisan.ApiContract.csproj", "{3C46AD3D-8709-4EBF-8100-77FFD3B1549C}"
EndProject
Project("{FAE04EC0-301F-11D3-BF4B-00C04F79EFBC}") = "Dotisan.Diff", "Dotisan.Diff\Dotisan.Diff.csproj", "{53C04059-8B69-4C6A-B56B-01EE6CBB1E3A}"
EndProject
Project("{FAE04EC0-301F-11D3-BF4B-00C04F79EFBC}") = "Dotisan.Trend", "Dotisan.Trend\Dotisan.Trend.csproj", "{EE34F428-02EB-4993-B792-A514CD09B128}"
EndProject
Project("{FAE04EC0-301F-11D3-BF4B-00C04F79EFBC}") = "Dotisan.Artifacts", "Dotisan.Artifacts\Dotisan.Artifacts.csproj", "{A0F2B298-18E0-45E6-8FC1-7E35F0B3B4BD}"
EndProject
Project("{FAE04EC0-301F-11D3-BF4B-00C04F79EFBC}") = "Dotisan.Slack", "Dotisan.Slack\Dotisan.Slack.csproj", "{66A8D0CF-0844-4F55-AA11-1B9240FEB08B}"
EndProject
Project("{FAE04EC0-301F-11D3-BF4B-00C04F79EFBC}") = "Dotisan.History", "Dotisan.History\Dotisan.History.csproj", "{8E60B978-5FBC-4F30-BC20-6C1F88F8F06C}"
EndProject
Global
	GlobalSection(SolutionConfigurationPlatforms) = preSolution
		Debug|Any CPU = Debug|Any CPU
		Debug|x64 = Debug|x64
		Debug|x86 = Debug|x86
		Release|Any CPU = Release|Any CPU
		Release|x64 = Release|x64
		Release|x86 = Release|x86
	EndGlobalSection
	GlobalSection(ProjectConfigurationPlatforms) = postSolution
		{9354C813-F7CF-44FD-B0A0-99A114BEED4F}.Debug|Any CPU.ActiveCfg = Debug|Any CPU
		{9354C813-F7CF-44FD-B0A0-99A114BEED4F}.Debug|Any CPU.Build.0 = Debug|Any CPU
		{9354C813-F7CF-44FD-B0A0-99A114BEED4F}.Debug|x64.ActiveCfg = Debug|Any CPU
		{9354C813-F7CF-44FD-B0A0-99A114BEED4F}.Debug|x64.Build.0 = Debug|Any CPU
		{9354C813-F7CF-44FD-B0A0-99A114BEED4F}.Debug|x86.ActiveCfg = Debug|Any CPU
		{9354C813-F7CF-44FD-B0A0-99A114BEED4F}.Debug|x86.Build.0 = Debug|Any CPU
		{9354C813-F7CF-44FD-B0A0-99A114BEED4F}.Release|Any CPU.ActiveCfg = Release|Any CPU
		{9354C813-F7CF-44FD-B0A0-99A114BEED4F}.Release|Any CPU.Build.0 = Release|Any CPU
		{9354C813-F7CF-44FD-B0A0-99A114BEED4F}.Release|x64.ActiveCfg = Release|Any CPU
		{9354C813-F7CF-44FD-B0A0-99A114BEED4F}.Release|x64.Build.0 = Release|Any CPU
		{9354C813-F7CF-44FD-B0A0-99A114BEED4F}.Release|x86.ActiveCfg = Release|Any CPU
		{9354C813-F7CF-44FD-B0A0-99A114BEED4F}.Release|x86.Build.0 = Release|Any CPU
		{74532B65-AA40-4286-BB2B-E1F32F303636}.Debug|Any CPU.ActiveCfg = Debug|Any CPU
		{74532B65-AA40-4286-BB2B-E1F32F303636}.Debug|Any CPU.Build.0 = Debug|Any CPU
		{74532B65-AA40-4286-BB2B-E1F32F303636}.Debug|x64.ActiveCfg = Debug|Any CPU
		{74532B65-AA40-4286-BB2B-E1F32F303636}.Debug|x64.Build.0 = Debug|Any CPU
		{74532B65-AA40-4286-BB2B-E1F32F303636}.Debug|x86.ActiveCfg = Debug|Any CPU
		{74532B65-AA40-4286-BB2B-E1F32F303636}.Debug|x86.Build.0 = Debug|Any CPU
		{74532B65-AA40-4286-BB2B-E1F32F303636}.Release|Any CPU.ActiveCfg = Release|Any CPU
		{74532B65-AA40-4286-BB2B-E1F32F303636}.Release|Any CPU.Build.0 = Release|Any CPU
		{74532B65-AA40-4286-BB2B-E1F32F303636}.Release|x64.ActiveCfg = Release|Any CPU
		{74532B65-AA40-4286-BB2B-E1F32F303636}.Release|x64.Build.0 = Release|Any CPU
		{74532B65-AA40-4286-BB2B-E1F32F303636}.Release|x86.ActiveCfg = Release|Any CPU
		{74532B65-AA40-4286-BB2B-E1F32F303636}.Release|x86.Build.0 = Release|Any CPU
		{0C33D340-417E-473A-9B47-468B201B7CD6}.Debug|Any CPU.ActiveCfg = Debug|Any CPU
		{0C33D340-417E-473A-9B47-468B201B7CD6}.Debug|Any CPU.Build.0 = Debug|Any CPU
		{0C33D340-417E-473A-9B47-468B201B7CD6}.Debug|x64.ActiveCfg = Debug|Any CPU
		{0C33D340-417E-473A-9B47-468B201B7CD6}.Debug|x64.Build.0 = Debug|Any CPU
		{0C33D340-417E-473A-9B47-468B201B7CD6}.Debug|x86.ActiveCfg = Debug|Any CPU
		{0C33D340-417E-473A-9B47-468B201B7CD6}.Debug|x86.Build.0 = Debug|Any CPU
		{0C33D340-417E-473A-9B47-468B201B7CD6}.Release|Any CPU.ActiveCfg = Release|Any CPU
		{0C33D340-417E-473A-9B47-468B201B7CD6}.Release|Any CPU.Build.0 = Release|Any CPU
		{0C33D340-417E-473A-9B47-468B201B7CD6}.Release|x64.ActiveCfg = Release|Any CPU
		{0C33D340-417E-473A-9B47-468B201B7CD6}.Release|x64.Build.0 = Release|Any CPU
		{0C33D340-417E-473A-9B47-468B201B7CD6}.Release|x86.ActiveCfg = Release|Any CPU
		{0C33D340-417E-473A-9B47-468B201B7CD6}.Release|x86.Build.0 = Release|Any CPU
		{95ABFD99-D315-4E7C-B601-60ED4F7CE7A4}.Debug|Any CPU.ActiveCfg = Debug|Any CPU
		{95ABFD99-D315-4E7C-B601-60ED4F7CE7A4}.Debug|Any CPU.Build.0 = Debug|Any CPU
		{95ABFD99-D315-4E7C-B601-60ED4F7CE7A4}.Debug|x64.ActiveCfg = Debug|Any CPU
		{95ABFD99-D315-4E7C-B601-60ED4F7CE7A4}.Debug|x64.Build.0 = Debug|Any CPU
		{95ABFD99-D315-4E7C-B601-60ED4F7CE7A4}.Debug|x86.ActiveCfg = Debug|Any CPU
		{95ABFD99-D315-4E7C-B601-60ED4F7CE7A4}.Debug|x86.Build.0 = Debug|Any CPU
		{95ABFD99-D315-4E7C-B601-60ED4F7CE7A4}.Release|Any CPU.ActiveCfg = Release|Any CPU
		{95ABFD99-D315-4E7C-B601-60ED4F7CE7A4}.Release|Any CPU.Build.0 = Release|Any CPU
		{95ABFD99-D315-4E7C-B601-60ED4F7CE7A4}.Release|x64.ActiveCfg = Release|Any CPU
		{95ABFD99-D315-4E7C-B601-60ED4F7CE7A4}.Release|x64.Build.0 = Release|Any CPU
		{95ABFD99-D315-4E7C-B601-60ED4F7CE7A4}.Release|x86.ActiveCfg = Release|Any CPU
		{95ABFD99-D315-4E7C-B601-60ED4F7CE7A4}.Release|x86.Build.0 = Release|Any CPU
		{E4ECF47D-B94F-4B16-9917-855F8EA0EE2D}.Debug|Any CPU.ActiveCfg = Debug|Any CPU
		{E4ECF47D-B94F-4B16-9917-855F8EA0EE2D}.Debug|Any CPU.Build.0 = Debug|Any CPU
		{E4ECF47D-B94F-4B16-9917-855F8EA0EE2D}.Debug|x64.ActiveCfg = Debug|Any CPU
		{E4ECF47D-B94F-4B16-9917-855F8EA0EE2D}.Debug|x64.Build.0 = Debug|Any CPU
		{E4ECF47D-B94F-4B16-9917-855F8EA0EE2D}.Debug|x86.ActiveCfg = Debug|Any CPU
		{E4ECF47D-B94F-4B16-9917-855F8EA0EE2D}.Debug|x86.Build.0 = Debug|Any CPU
		{E4ECF47D-B94F-4B16-9917-855F8EA0EE2D}.Release|Any CPU.ActiveCfg = Release|Any CPU
		{E4ECF47D-B94F-4B16-9917-855F8EA0EE2D}.Release|Any CPU.Build.0 = Release|Any CPU
		{E4ECF47D-B94F-4B16-9917-855F8EA0EE2D}.Release|x64.ActiveCfg = Release|Any CPU
		{E4ECF47D-B94F-4B16-9917-855F8EA0EE2D}.Release|x64.Build.0 = Release|Any CPU
		{E4ECF47D-B94F-4B16-9917-855F8EA0EE2D}.Release|x86.ActiveCfg = Release|Any CPU
		{E4ECF47D-B94F-4B16-9917-855F8EA0EE2D}.Release|x86.Build.0 = Release|Any CPU
		{BCB956DF-0AED-49F8-8D0F-4DC6F997027B}.Debug|Any CPU.ActiveCfg = Debug|Any CPU
		{BCB956DF-0AED-49F8-8D0F-4DC6F997027B}.Debug|Any CPU.Build.0 = Debug|Any CPU
		{BCB956DF-0AED-49F8-8D0F-4DC6F997027B}.Debug|x64.ActiveCfg = Debug|Any CPU
		{BCB956DF-0AED-49F8-8D0F-4DC6F997027B}.Debug|x64.Build.0 = Debug|Any CPU
		{BCB956DF-0AED-49F8-8D0F-4DC6F997027B}.Debug|x86.ActiveCfg = Debug|Any CPU
		{BCB956DF-0AED-49F8-8D0F-4DC6F997027B}.Debug|x86.Build.0 = Debug|Any CPU
		{BCB956DF-0AED-49F8-8D0F-4DC6F997027B}.Release|Any CPU.ActiveCfg = Release|Any CPU
		{BCB956DF-0AED-49F8-8D0F-4DC6F997027B}.Release|Any CPU.Build.0 = Release|Any CPU
		{BCB956DF-0AED-49F8-8D0F-4DC6F997027B}.Release|x64.ActiveCfg = Release|Any CPU
		{BCB956DF-0AED-49F8-8D0F-4DC6F997027B}.Release|x64.Build.0 = Release|Any CPU
		{BCB956DF-0AED-49F8-8D0F-4DC6F997027B}.Release|x86.ActiveCfg = Release|Any CPU
		{BCB956DF-0AED-49F8-8D0F-4DC6F997027B}.Release|x86.Build.0 = Release|Any CPU
		{03D6BE8D-1ED5-4786-ADF7-7CA8B48F3D35}.Debug|Any CPU.ActiveCfg = Debug|Any CPU
		{03D6BE8D-1ED5-4786-ADF7-7CA8B48F3D35}.Debug|Any CPU.Build.0 = Debug|Any CPU
		{03D6BE8D-1ED5-4786-ADF7-7CA8B48F3D35}.Debug|x64.ActiveCfg = Debug|Any CPU
		{03D6BE8D-1ED5-4786-ADF7-7CA8B48F3D35}.Debug|x64.Build.0 = Debug|Any CPU
		{03D6BE8D-1ED5-4786-ADF7-7CA8B48F3D35}.Debug|x86.ActiveCfg = Debug|Any CPU
		{03D6BE8D-1ED5-4786-ADF7-7CA8B48F3D35}.Debug|x86.Build.0 = Debug|Any CPU
		{03D6BE8D-1ED5-4786-ADF7-7CA8B48F3D35}.Release|Any CPU.ActiveCfg = Release|Any CPU
		{03D6BE8D-1ED5-4786-ADF7-7CA8B48F3D35}.Release|Any CPU.Build.0 = Release|Any CPU
		{03D6BE8D-1ED5-4786-ADF7-7CA8B48F3D35}.Release|x64.ActiveCfg = Release|Any CPU
		{03D6BE8D-1ED5-4786-ADF7-7CA8B48F3D35}.Release|x64.Build.0 = Release|Any CPU
		{03D6BE8D-1ED5-4786-ADF7-7CA8B48F3D35}.Release|x86.ActiveCfg = Release|Any CPU
		{03D6BE8D-1ED5-4786-ADF7-7CA8B48F3D35}.Release|x86.Build.0 = Release|Any CPU
		{7663F9A0-0E9B-4A38-8DAB-8C3BE8CD7320}.Debug|Any CPU.ActiveCfg = Debug|Any CPU
		{7663F9A0-0E9B-4A38-8DAB-8C3BE8CD7320}.Debug|Any CPU.Build.0 = Debug|Any CPU
		{7663F9A0-0E9B-4A38-8DAB-8C3BE8CD7320}.Debug|x64.ActiveCfg = Debug|Any CPU
		{7663F9A0-0E9B-4A38-8DAB-8C3BE8CD7320}.Debug|x64.Build.0 = Debug|Any CPU
		{7663F9A0-0E9B-4A38-8DAB-8C3BE8CD7320}.Debug|x86.ActiveCfg = Debug|Any CPU
		{7663F9A0-0E9B-4A38-8DAB-8C3BE8CD7320}.Debug|x86.Build.0 = Debug|Any CPU
		{7663F9A0-0E9B-4A38-8DAB-8C3BE8CD7320}.Release|Any CPU.ActiveCfg = Release|Any CPU
		{7663F9A0-0E9B-4A38-8DAB-8C3BE8CD7320}.Release|Any CPU.Build.0 = Release|Any CPU
		{7663F9A0-0E9B-4A38-8DAB-8C3BE8CD7320}.Release|x64.ActiveCfg = Release|Any CPU
		{7663F9A0-0E9B-4A38-8DAB-8C3BE8CD7320}.Release|x64.Build.0 = Release|Any CPU
		{7663F9A0-0E9B-4A38-8DAB-8C3BE8CD7320}.Release|x86.ActiveCfg = Release|Any CPU
		{7663F9A0-0E9B-4A38-8DAB-8C3BE8CD7320}.Release|x86.Build.0 = Release|Any CPU
		{090A4387-A19F-4285-AC94-DEB986F288C1}.Debug|Any CPU.ActiveCfg = Debug|Any CPU
		{090A4387-A19F-4285-AC94-DEB986F288C1}.Debug|Any CPU.Build.0 = Debug|Any CPU
		{090A4387-A19F-4285-AC94-DEB986F288C1}.Debug|x64.ActiveCfg = Debug|Any CPU
		{090A4387-A19F-4285-AC94-DEB986F288C1}.Debug|x64.Build.0 = Debug|Any CPU
		{090A4387-A19F-4285-AC94-DEB986F288C1}.Debug|x86.ActiveCfg = Debug|Any CPU
		{090A4387-A19F-4285-AC94-DEB986F288C1}.Debug|x86.Build.0 = Debug|Any CPU
		{090A4387-A19F-4285-AC94-DEB986F288C1}.Release|Any CPU.ActiveCfg = Release|Any CPU
		{090A4387-A19F-4285-AC94-DEB986F288C1}.Release|Any CPU.Build.0 = Release|Any CPU
		{090A4387-A19F-4285-AC94-DEB986F288C1}.Release|x64.ActiveCfg = Release|Any CPU
		{090A4387-A19F-4285-AC94-DEB986F288C1}.Release|x64.Build.0 = Release|Any CPU
		{090A4387-A19F-4285-AC94-DEB986F288C1}.Release|x86.ActiveCfg = Release|Any CPU
		{090A4387-A19F-4285-AC94-DEB986F288C1}.Release|x86.Build.0 = Release|Any CPU
		{E731F9A9-A82F-4C92-A93B-34A13D7C950A}.Debug|Any CPU.ActiveCfg = Debug|Any CPU
		{E731F9A9-A82F-4C92-A93B-34A13D7C950A}.Debug|Any CPU.Build.0 = Debug|Any CPU
		{E731F9A9-A82F-4C92-A93B-34A13D7C950A}.Debug|x64.ActiveCfg = Debug|Any CPU
		{E731F9A9-A82F-4C92-A93B-34A13D7C950A}.Debug|x64.Build.0 = Debug|Any CPU
		{E731F9A9-A82F-4C92-A93B-34A13D7C950A}.Debug|x86.ActiveCfg = Debug|Any CPU
		{E731F9A9-A82F-4C92-A93B-34A13D7C950A}.Debug|x86.Build.0 = Debug|Any CPU
		{E731F9A9-A82F-4C92-A93B-34A13D7C950A}.Release|Any CPU.ActiveCfg = Release|Any CPU
		{E731F9A9-A82F-4C92-A93B-34A13D7C950A}.Release|Any CPU.Build.0 = Release|Any CPU
		{E731F9A9-A82F-4C92-A93B-34A13D7C950A}.Release|x64.ActiveCfg = Release|Any CPU
		{E731F9A9-A82F-4C92-A93B-34A13D7C950A}.Release|x64.Build.0 = Release|Any CPU
		{E731F9A9-A82F-4C92-A93B-34A13D7C950A}.Release|x86.ActiveCfg = Release|Any CPU
		{E731F9A9-A82F-4C92-A93B-34A13D7C950A}.Release|x86.Build.0 = Release|Any CPU
		{25AFE497-AD66-41B5-9AD0-58C2B713F466}.Debug|Any CPU.ActiveCfg = Debug|Any CPU
		{25AFE497-AD66-41B5-9AD0-58C2B713F466}.Debug|Any CPU.Build.0 = Debug|Any CPU
		{25AFE497-AD66-41B5-9AD0-58C2B713F466}.Debug|x64.ActiveCfg = Debug|Any CPU
		{25AFE497-AD66-41B5-9AD0-58C2B713F466}.Debug|x64.Build.0 = Debug|Any CPU
		{25AFE497-AD66-41B5-9AD0-58C2B713F466}.Debug|x86.ActiveCfg = Debug|Any CPU
		{25AFE497-AD66-41B5-9AD0-58C2B713F466}.Debug|x86.Build.0 = Debug|Any CPU
		{25AFE497-AD66-41B5-9AD0-58C2B713F466}.Release|Any CPU.ActiveCfg = Release|Any CPU
		{25AFE497-AD66-41B5-9AD0-58C2B713F466}.Release|Any CPU.Build.0 = Release|Any CPU
		{25AFE497-AD66-41B5-9AD0-58C2B713F466}.Release|x64.ActiveCfg = Release|Any CPU
		{25AFE497-AD66-41B5-9AD0-58C2B713F466}.Release|x64.Build.0 = Release|Any CPU
		{25AFE497-AD66-41B5-9AD0-58C2B713F466}.Release|x86.ActiveCfg = Release|Any CPU
		{25AFE497-AD66-41B5-9AD0-58C2B713F466}.Release|x86.Build.0 = Release|Any CPU
		{C136AC8B-74C2-4C1C-A2D1-2E886508D7B5}.Debug|Any CPU.ActiveCfg = Debug|Any CPU
		{C136AC8B-74C2-4C1C-A2D1-2E886508D7B5}.Debug|Any CPU.Build.0 = Debug|Any CPU
		{C136AC8B-74C2-4C1C-A2D1-2E886508D7B5}.Debug|x64.ActiveCfg = Debug|Any CPU
		{C136AC8B-74C2-4C1C-A2D1-2E886508D7B5}.Debug|x64.Build.0 = Debug|Any CPU
		{C136AC8B-74C2-4C1C-A2D1-2E886508D7B5}.Debug|x86.ActiveCfg = Debug|Any CPU
		{C136AC8B-74C2-4C1C-A2D1-2E886508D7B5}.Debug|x86.Build.0 = Debug|Any CPU
		{C136AC8B-74C2-4C1C-A2D1-2E886508D7B5}.Release|Any CPU.ActiveCfg = Release|Any CPU
		{C136AC8B-74C2-4C1C-A2D1-2E886508D7B5}.Release|Any CPU.Build.0 = Release|Any CPU
		{C136AC8B-74C2-4C1C-A2D1-2E886508D7B5}.Release|x64.ActiveCfg = Release|Any CPU
		{C136AC8B-74C2-4C1C-A2D1-2E886508D7B5}.Release|x64.Build.0 = Release|Any CPU
		{C136AC8B-74C2-4C1C-A2D1-2E886508D7B5}.Release|x86.ActiveCfg = Release|Any CPU
		{C136AC8B-74C2-4C1C-A2D1-2E886508D7B5}.Release|x86.Build.0 = Release|Any CPU
		{B9797F4C-9F3B-4E1F-A9C8-FDB3026B534E}.Debug|Any CPU.ActiveCfg = Debug|Any CPU
		{B9797F4C-9F3B-4E1F-A9C8-FDB3026B534E}.Debug|Any CPU.Build.0 = Debug|Any CPU
		{B9797F4C-9F3B-4E1F-A9C8-FDB3026B534E}.Debug|x64.ActiveCfg = Debug|Any CPU
		{B9797F4C-9F3B-4E1F-A9C8-FDB3026B534E}.Debug|x64.Build.0 = Debug|Any CPU
		{B9797F4C-9F3B-4E1F-A9C8-FDB3026B534E}.Debug|x86.ActiveCfg = Debug|Any CPU
		{B9797F4C-9F3B-4E1F-A9C8-FDB3026B534E}.Debug|x86.Build.0 = Debug|Any CPU
		{B9797F4C-9F3B-4E1F-A9C8-FDB3026B534E}.Release|Any CPU.ActiveCfg = Release|Any CPU
		{B9797F4C-9F3B-4E1F-A9C8-FDB3026B534E}.Release|Any CPU.Build.0 = Release|Any CPU
		{B9797F4C-9F3B-4E1F-A9C8-FDB3026B534E}.Release|x64.ActiveCfg = Release|Any CPU
		{B9797F4C-9F3B-4E1F-A9C8-FDB3026B534E}.Release|x64.Build.0 = Release|Any CPU
		{B9797F4C-9F3B-4E1F-A9C8-FDB3026B534E}.Release|x86.ActiveCfg = Release|Any CPU
		{B9797F4C-9F3B-4E1F-A9C8-FDB3026B534E}.Release|x86.Build.0 = Release|Any CPU
		{EC269094-AA1A-469B-BA8A-D81DA9AEC0F3}.Debug|Any CPU.ActiveCfg = Debug|Any CPU
		{EC269094-AA1A-469B-BA8A-D81DA9AEC0F3}.Debug|Any CPU.Build.0 = Debug|Any CPU
		{EC269094-AA1A-469B-BA8A-D81DA9AEC0F3}.Debug|x64.ActiveCfg = Debug|Any CPU
		{EC269094-AA1A-469B-BA8A-D81DA9AEC0F3}.Debug|x64.Build.0 = Debug|Any CPU
		{EC269094-AA1A-469B-BA8A-D81DA9AEC0F3}.Debug|x86.ActiveCfg = Debug|Any CPU
		{EC269094-AA1A-469B-BA8A-D81DA9AEC0F3}.Debug|x86.Build.0 = Debug|Any CPU
		{EC269094-AA1A-469B-BA8A-D81DA9AEC0F3}.Release|Any CPU.ActiveCfg = Release|Any CPU
		{EC269094-AA1A-469B-BA8A-D81DA9AEC0F3}.Release|Any CPU.Build.0 = Release|Any CPU
		{EC269094-AA1A-469B-BA8A-D81DA9AEC0F3}.Release|x64.ActiveCfg = Release|Any CPU
		{EC269094-AA1A-469B-BA8A-D81DA9AEC0F3}.Release|x64.Build.0 = Release|Any CPU
		{EC269094-AA1A-469B-BA8A-D81DA9AEC0F3}.Release|x86.ActiveCfg = Release|Any CPU
		{EC269094-AA1A-469B-BA8A-D81DA9AEC0F3}.Release|x86.Build.0 = Release|Any CPU
		{254CF085-6535-4FA2-B3D7-93F52DE4FE82}.Debug|Any CPU.ActiveCfg = Debug|Any CPU
		{254CF085-6535-4FA2-B3D7-93F52DE4FE82}.Debug|Any CPU.Build.0 = Debug|Any CPU
		{254CF085-6535-4FA2-B3D7-93F52DE4FE82}.Debug|x64.ActiveCfg = Debug|Any CPU
		{254CF085-6535-4FA2-B3D7-93F52DE4FE82}.Debug|x64.Build.0 = Debug|Any CPU
		{254CF085-6535-4FA2-B3D7-93F52DE4FE82}.Debug|x86.ActiveCfg = Debug|Any CPU
		{254CF085-6535-4FA2-B3D7-93F52DE4FE82}.Debug|x86.Build.0 = Debug|Any CPU
		{254CF085-6535-4FA2-B3D7-93F52DE4FE82}.Release|Any CPU.ActiveCfg = Release|Any CPU
		{254CF085-6535-4FA2-B3D7-93F52DE4FE82}.Release|Any CPU.Build.0 = Release|Any CPU
		{254CF085-6535-4FA2-B3D7-93F52DE4FE82}.Release|x64.ActiveCfg = Release|Any CPU
		{254CF085-6535-4FA2-B3D7-93F52DE4FE82}.Release|x64.Build.0 = Release|Any CPU
		{254CF085-6535-4FA2-B3D7-93F52DE4FE82}.Release|x86.ActiveCfg = Release|Any CPU
		{254CF085-6535-4FA2-B3D7-93F52DE4FE82}.Release|x86.Build.0 = Release|Any CPU
		{8BD13B36-AED5-44E4-8520-9C49C38D2937}.Debug|Any CPU.ActiveCfg = Debug|Any CPU
		{8BD13B36-AED5-44E4-8520-9C49C38D2937}.Debug|Any CPU.Build.0 = Debug|Any CPU
		{8BD13B36-AED5-44E4-8520-9C49C38D2937}.Debug|x64.ActiveCfg = Debug|Any CPU
		{8BD13B36-AED5-44E4-8520-9C49C38D2937}.Debug|x64.Build.0 = Debug|Any CPU
		{8BD13B36-AED5-44E4-8520-9C49C38D2937}.Debug|x86.ActiveCfg = Debug|Any CPU
		{8BD13B36-AED5-44E4-8520-9C49C38D2937}.Debug|x86.Build.0 = Debug|Any CPU
		{8BD13B36-AED5-44E4-8520-9C49C38D2937}.Release|Any CPU.ActiveCfg = Release|Any CPU
		{8BD13B36-AED5-44E4-8520-9C49C38D2937}.Release|Any CPU.Build.0 = Release|Any CPU
		{8BD13B36-AED5-44E4-8520-9C49C38D2937}.Release|x64.ActiveCfg = Release|Any CPU
		{8BD13B36-AED5-44E4-8520-9C49C38D2937}.Release|x64.Build.0 = Release|Any CPU
		{8BD13B36-AED5-44E4-8520-9C49C38D2937}.Release|x86.ActiveCfg = Release|Any CPU
		{8BD13B36-AED5-44E4-8520-9C49C38D2937}.Release|x86.Build.0 = Release|Any CPU
		{A59CC99A-A53A-410D-9DB1-0475B2E02264}.Debug|Any CPU.ActiveCfg = Debug|Any CPU
		{A59CC99A-A53A-410D-9DB1-0475B2E02264}.Debug|Any CPU.Build.0 = Debug|Any CPU
		{A59CC99A-A53A-410D-9DB1-0475B2E02264}.Debug|x64.ActiveCfg = Debug|Any CPU
		{A59CC99A-A53A-410D-9DB1-0475B2E02264}.Debug|x64.Build.0 = Debug|Any CPU
		{A59CC99A-A53A-410D-9DB1-0475B2E02264}.Debug|x86.ActiveCfg = Debug|Any CPU
		{A59CC99A-A53A-410D-9DB1-0475B2E02264}.Debug|x86.Build.0 = Debug|Any CPU
		{A59CC99A-A53A-410D-9DB1-0475B2E02264}.Release|Any CPU.ActiveCfg = Release|Any CPU
		{A59CC99A-A53A-410D-9DB1-0475B2E02264}.Release|Any CPU.Build.0 = Release|Any CPU
		{A59CC99A-A53A-410D-9DB1-0475B2E02264}.Release|x64.ActiveCfg = Release|Any CPU
		{A59CC99A-A53A-410D-9DB1-0475B2E02264}.Release|x64.Build.0 = Release|Any CPU
		{A59CC99A-A53A-410D-9DB1-0475B2E02264}.Release|x86.ActiveCfg = Release|Any CPU
		{A59CC99A-A53A-410D-9DB1-0475B2E02264}.Release|x86.Build.0 = Release|Any CPU
		{52BED5AA-597B-4E06-8F94-762C1C6AAA1B}.Debug|Any CPU.ActiveCfg = Debug|Any CPU
		{52BED5AA-597B-4E06-8F94-762C1C6AAA1B}.Debug|Any CPU.Build.0 = Debug|Any CPU
		{52BED5AA-597B-4E06-8F94-762C1C6AAA1B}.Debug|x64.ActiveCfg = Debug|Any CPU
		{52BED5AA-597B-4E06-8F94-762C1C6AAA1B}.Debug|x64.Build.0 = Debug|Any CPU
		{52BED5AA-597B-4E06-8F94-762C1C6AAA1B}.Debug|x86.ActiveCfg = Debug|Any CPU
		{52BED5AA-597B-4E06-8F94-762C1C6AAA1B}.Debug|x86.Build.0 = Debug|Any CPU
		{52BED5AA-597B-4E06-8F94-762C1C6AAA1B}.Release|Any CPU.ActiveCfg = Release|Any CPU
		{52BED5AA-597B-4E06-8F94-762C1C6AAA1B}.Release|Any CPU.Build.0 = Release|Any CPU
		{52BED5AA-597B-4E06-8F94-762C1C6AAA1B}.Release|x64.ActiveCfg = Release|Any CPU
		{52BED5AA-597B-4E06-8F94-762C1C6AAA1B}.Release|x64.Build.0 = Release|Any CPU
		{52BED5AA-597B-4E06-8F94-762C1C6AAA1B}.Release|x86.ActiveCfg = Release|Any CPU
		{52BED5AA-597B-4E06-8F94-762C1C6AAA1B}.Release|x86.Build.0 = Release|Any CPU
		{54025E52-FD02-4CDF-8C3C-143073AC4D9C}.Debug|Any CPU.ActiveCfg = Debug|Any CPU
		{54025E52-FD02-4CDF-8C3C-143073AC4D9C}.Debug|Any CPU.Build.0 = Debug|Any CPU
		{54025E52-FD02-4CDF-8C3C-143073AC4D9C}.Debug|x64.ActiveCfg = Debug|Any CPU
		{54025E52-FD02-4CDF-8C3C-143073AC4D9C}.Debug|x64.Build.0 = Debug|Any CPU
		{54025E52-FD02-4CDF-8C3C-143073AC4D9C}.Debug|x86.ActiveCfg = Debug|Any CPU
		{54025E52-FD02-4CDF-8C3C-143073AC4D9C}.Debug|x86.Build.0 = Debug|Any CPU
		{54025E52-FD02-4CDF-8C3C-143073AC4D9C}.Release|Any CPU.ActiveCfg = Release|Any CPU
		{54025E52-FD02-4CDF-8C3C-143073AC4D9C}.Release|Any CPU.Build.0 = Release|Any CPU
		{54025E52-FD02-4CDF-8C3C-143073AC4D9C}.Release|x64.ActiveCfg = Release|Any CPU
		{54025E52-FD02-4CDF-8C3C-143073AC4D9C}.Release|x64.Build.0 = Release|Any CPU
		{54025E52-FD02-4CDF-8C3C-143073AC4D9C}.Release|x86.ActiveCfg = Release|Any CPU
		{54025E52-FD02-4CDF-8C3C-143073AC4D9C}.Release|x86.Build.0 = Release|Any CPU
		{410341D5-1E20-4EB0-B6B4-C1198F9BDAE3}.Debug|Any CPU.ActiveCfg = Debug|Any CPU
		{410341D5-1E20-4EB0-B6B4-C1198F9BDAE3}.Debug|Any CPU.Build.0 = Debug|Any CPU
		{410341D5-1E20-4EB0-B6B4-C1198F9BDAE3}.Debug|x64.ActiveCfg = Debug|Any CPU
		{410341D5-1E20-4EB0-B6B4-C1198F9BDAE3}.Debug|x64.Build.0 = Debug|Any CPU
		{410341D5-1E20-4EB0-B6B4-C1198F9BDAE3}.Debug|x86.ActiveCfg = Debug|Any CPU
		{410341D5-1E20-4EB0-B6B4-C1198F9BDAE3}.Debug|x86.Build.0 = Debug|Any CPU
		{410341D5-1E20-4EB0-B6B4-C1198F9BDAE3}.Release|Any CPU.ActiveCfg = Release|Any CPU
		{410341D5-1E20-4EB0-B6B4-C1198F9BDAE3}.Release|Any CPU.Build.0 = Release|Any CPU
		{410341D5-1E20-4EB0-B6B4-C1198F9BDAE3}.Release|x64.ActiveCfg = Release|Any CPU
		{410341D5-1E20-4EB0-B6B4-C1198F9BDAE3}.Release|x64.Build.0 = Release|Any CPU
		{410341D5-1E20-4EB0-B6B4-C1198F9BDAE3}.Release|x86.ActiveCfg = Release|Any CPU
		{410341D5-1E20-4EB0-B6B4-C1198F9BDAE3}.Release|x86.Build.0 = Release|Any CPU
		{CDFAD4B0-AE96-4E62-B935-7341CF89BC1D}.Debug|Any CPU.ActiveCfg = Debug|Any CPU
		{CDFAD4B0-AE96-4E62-B935-7341CF89BC1D}.Debug|Any CPU.Build.0 = Debug|Any CPU
		{CDFAD4B0-AE96-4E62-B935-7341CF89BC1D}.Debug|x64.ActiveCfg = Debug|Any CPU
		{CDFAD4B0-AE96-4E62-B935-7341CF89BC1D}.Debug|x64.Build.0 = Debug|Any CPU
		{CDFAD4B0-AE96-4E62-B935-7341CF89BC1D}.Debug|x86.ActiveCfg = Debug|Any CPU
		{CDFAD4B0-AE96-4E62-B935-7341CF89BC1D}.Debug|x86.Build.0 = Debug|Any CPU
		{CDFAD4B0-AE96-4E62-B935-7341CF89BC1D}.Release|Any CPU.ActiveCfg = Release|Any CPU
		{CDFAD4B0-AE96-4E62-B935-7341CF89BC1D}.Release|Any CPU.Build.0 = Release|Any CPU
		{CDFAD4B0-AE96-4E62-B935-7341CF89BC1D}.Release|x64.ActiveCfg = Release|Any CPU
		{CDFAD4B0-AE96-4E62-B935-7341CF89BC1D}.Release|x64.Build.0 = Release|Any CPU
		{CDFAD4B0-AE96-4E62-B935-7341CF89BC1D}.Release|x86.ActiveCfg = Release|Any CPU
		{CDFAD4B0-AE96-4E62-B935-7341CF89BC1D}.Release|x86.Build.0 = Release|Any CPU
		{2EE9174E-DB6E-4D17-BBCE-D18D33F88D54}.Debug|Any CPU.ActiveCfg = Debug|Any CPU
		{2EE9174E-DB6E-4D17-BBCE-D18D33F88D54}.Debug|Any CPU.Build.0 = Debug|Any CPU
		{2EE9174E-DB6E-4D17-BBCE-D18D33F88D54}.Debug|x64.ActiveCfg = Debug|Any CPU
		{2EE9174E-DB6E-4D17-BBCE-D18D33F88D54}.Debug|x64.Build.0 = Debug|Any CPU
		{2EE9174E-DB6E-4D17-BBCE-D18D33F88D54}.Debug|x86.ActiveCfg = Debug|Any CPU
		{2EE9174E-DB6E-4D17-BBCE-D18D33F88D54}.Debug|x86.Build.0 = Debug|Any CPU
		{2EE9174E-DB6E-4D17-BBCE-D18D33F88D54}.Release|Any CPU.ActiveCfg = Release|Any CPU
		{2EE9174E-DB6E-4D17-BBCE-D18D33F88D54}.Release|Any CPU.Build.0 = Release|Any CPU
		{2EE9174E-DB6E-4D17-BBCE-D18D33F88D54}.Release|x64.ActiveCfg = Release|Any CPU
		{2EE9174E-DB6E-4D17-BBCE-D18D33F88D54}.Release|x64.Build.0 = Release|Any CPU
		{2EE9174E-DB6E-4D17-BBCE-D18D33F88D54}.Release|x86.ActiveCfg = Release|Any CPU
		{2EE9174E-DB6E-4D17-BBCE-D18D33F88D54}.Release|x86.Build.0 = Release|Any CPU
		{3C46AD3D-8709-4EBF-8100-77FFD3B1549C}.Debug|Any CPU.ActiveCfg = Debug|Any CPU
		{3C46AD3D-8709-4EBF-8100-77FFD3B1549C}.Debug|Any CPU.Build.0 = Debug|Any CPU
		{3C46AD3D-8709-4EBF-8100-77FFD3B1549C}.Debug|x64.ActiveCfg = Debug|Any CPU
		{3C46AD3D-8709-4EBF-8100-77FFD3B1549C}.Debug|x64.Build.0 = Debug|Any CPU
		{3C46AD3D-8709-4EBF-8100-77FFD3B1549C}.Debug|x86.ActiveCfg = Debug|Any CPU
		{3C46AD3D-8709-4EBF-8100-77FFD3B1549C}.Debug|x86.Build.0 = Debug|Any CPU
		{3C46AD3D-8709-4EBF-8100-77FFD3B1549C}.Release|Any CPU.ActiveCfg = Release|Any CPU
		{3C46AD3D-8709-4EBF-8100-77FFD3B1549C}.Release|Any CPU.Build.0 = Release|Any CPU
		{3C46AD3D-8709-4EBF-8100-77FFD3B1549C}.Release|x64.ActiveCfg = Release|Any CPU
		{3C46AD3D-8709-4EBF-8100-77FFD3B1549C}.Release|x64.Build.0 = Release|Any CPU
		{3C46AD3D-8709-4EBF-8100-77FFD3B1549C}.Release|x86.ActiveCfg = Release|Any CPU
		{3C46AD3D-8709-4EBF-8100-77FFD3B1549C}.Release|x86.Build.0 = Release|Any CPU
		{53C04059-8B69-4C6A-B56B-01EE6CBB1E3A}.Debug|Any CPU.ActiveCfg = Debug|Any CPU
		{53C04059-8B69-4C6A-B56B-01EE6CBB1E3A}.Debug|Any CPU.Build.0 = Debug|Any CPU
		{53C04059-8B69-4C6A-B56B-01EE6CBB1E3A}.Debug|x64.ActiveCfg = Debug|Any CPU
		{53C04059-8B69-4C6A-B56B-01EE6CBB1E3A}.Debug|x64.Build.0 = Debug|Any CPU
		{53C04059-8B69-4C6A-B56B-01EE6CBB1E3A}.Debug|x86.ActiveCfg = Debug|Any CPU
		{53C04059-8B69-4C6A-B56B-01EE6CBB1E3A}.Debug|x86.Build.0 = Debug|Any CPU
		{53C04059-8B69-4C6A-B56B-01EE6CBB1E3A}.Release|Any CPU.ActiveCfg = Release|Any CPU
		{53C04059-8B69-4C6A-B56B-01EE6CBB1E3A}.Release|Any CPU.Build.0 = Release|Any CPU
		{53C04059-8B69-4C6A-B56B-01EE6CBB1E3A}.Release|x64.ActiveCfg = Release|Any CPU
		{53C04059-8B69-4C6A-B56B-01EE6CBB1E3A}.Release|x64.Build.0 = Release|Any CPU
		{53C04059-8B69-4C6A-B56B-01EE6CBB1E3A}.Release|x86.ActiveCfg = Release|Any CPU
		{53C04059-8B69-4C6A-B56B-01EE6CBB1E3A}.Release|x86.Build.0 = Release|Any CPU
		{EE34F428-02EB-4993-B792-A514CD09B128}.Debug|Any CPU.ActiveCfg = Debug|Any CPU
		{EE34F428-02EB-4993-B792-A514CD09B128}.Debug|Any CPU.Build.0 = Debug|Any CPU
		{EE34F428-02EB-4993-B792-A514CD09B128}.Debug|x64.ActiveCfg = Debug|Any CPU
		{EE34F428-02EB-4993-B792-A514CD09B128}.Debug|x64.Build.0 = Debug|Any CPU
		{EE34F428-02EB-4993-B792-A514CD09B128}.Debug|x86.ActiveCfg = Debug|Any CPU
		{EE34F428-02EB-4993-B792-A514CD09B128}.Debug|x86.Build.0 = Debug|Any CPU
		{EE34F428-02EB-4993-B792-A514CD09B128}.Release|Any CPU.ActiveCfg = Release|Any CPU
		{EE34F428-02EB-4993-B792-A514CD09B128}.Release|Any CPU.Build.0 = Release|Any CPU
		{EE34F428-02EB-4993-B792-A514CD09B128}.Release|x64.ActiveCfg = Release|Any CPU
		{EE34F428-02EB-4993-B792-A514CD09B128}.Release|x64.Build.0 = Release|Any CPU
		{EE34F428-02EB-4993-B792-A514CD09B128}.Release|x86.ActiveCfg = Release|Any CPU
		{EE34F428-02EB-4993-B792-A514CD09B128}.Release|x86.Build.0 = Release|Any CPU
		{A0F2B298-18E0-45E6-8FC1-7E35F0B3B4BD}.Debug|Any CPU.ActiveCfg = Debug|Any CPU
		{A0F2B298-18E0-45E6-8FC1-7E35F0B3B4BD}.Debug|Any CPU.Build.0 = Debug|Any CPU
		{A0F2B298-18E0-45E6-8FC1-7E35F0B3B4BD}.Debug|x64.ActiveCfg = Debug|Any CPU
		{A0F2B298-18E0-45E6-8FC1-7E35F0B3B4BD}.Debug|x64.Build.0 = Debug|Any CPU
		{A0F2B298-18E0-45E6-8FC1-7E35F0B3B4BD}.Debug|x86.ActiveCfg = Debug|Any CPU
		{A0F2B298-18E0-45E6-8FC1-7E35F0B3B4BD}.Debug|x86.Build.0 = Debug|Any CPU
		{A0F2B298-18E0-45E6-8FC1-7E35F0B3B4BD}.Release|Any CPU.ActiveCfg = Release|Any CPU
		{A0F2B298-18E0-45E6-8FC1-7E35F0B3B4BD}.Release|Any CPU.Build.0 = Release|Any CPU
		{A0F2B298-18E0-45E6-8FC1-7E35F0B3B4BD}.Release|x64.ActiveCfg = Release|Any CPU
		{A0F2B298-18E0-45E6-8FC1-7E35F0B3B4BD}.Release|x64.Build.0 = Release|Any CPU
		{A0F2B298-18E0-45E6-8FC1-7E35F0B3B4BD}.Release|x86.ActiveCfg = Release|Any CPU
		{A0F2B298-18E0-45E6-8FC1-7E35F0B3B4BD}.Release|x86.Build.0 = Release|Any CPU
		{66A8D0CF-0844-4F55-AA11-1B9240FEB08B}.Debug|Any CPU.ActiveCfg = Debug|Any CPU
		{66A8D0CF-0844-4F55-AA11-1B9240FEB08B}.Debug|Any CPU.Build.0 = Debug|Any CPU
		{66A8D0CF-0844-4F55-AA11-1B9240FEB08B}.Debug|x64.ActiveCfg = Debug|Any CPU
		{66A8D0CF-0844-4F55-AA11-1B9240FEB08B}.Debug|x64.Build.0 = Debug|Any CPU
		{66A8D0CF-0844-4F55-AA11-1B9240FEB08B}.Debug|x86.ActiveCfg = Debug|Any CPU
		{66A8D0CF-0844-4F55-AA11-1B9240FEB08B}.Debug|x86.Build.0 = Debug|Any CPU
		{66A8D0CF-0844-4F55-AA11-1B9240FEB08B}.Release|Any CPU.ActiveCfg = Release|Any CPU
		{66A8D0CF-0844-4F55-AA11-1B9240FEB08B}.Release|Any CPU.Build.0 = Release|Any CPU
		{66A8D0CF-0844-4F55-AA11-1B9240FEB08B}.Release|x64.ActiveCfg = Release|Any CPU
		{66A8D0CF-0844-4F55-AA11-1B9240FEB08B}.Release|x64.Build.0 = Release|Any CPU
		{66A8D0CF-0844-4F55-AA11-1B9240FEB08B}.Release|x86.ActiveCfg = Release|Any CPU
		{66A8D0CF-0844-4F55-AA11-1B9240FEB08B}.Release|x86.Build.0 = Release|Any CPU
		{8E60B978-5FBC-4F30-BC20-6C1F88F8F06C}.Debug|Any CPU.ActiveCfg = Debug|Any CPU
		{8E60B978-5FBC-4F30-BC20-6C1F88F8F06C}.Debug|Any CPU.Build.0 = Debug|Any CPU
		{8E60B978-5FBC-4F30-BC20-6C1F88F8F06C}.Debug|x64.ActiveCfg = Debug|Any CPU
		{8E60B978-5FBC-4F30-BC20-6C1F88F8F06C}.Debug|x64.Build.0 = Debug|Any CPU
		{8E60B978-5FBC-4F30-BC20-6C1F88F8F06C}.Debug|x86.ActiveCfg = Debug|Any CPU
		{8E60B978-5FBC-4F30-BC20-6C1F88F8F06C}.Debug|x86.Build.0 = Debug|Any CPU
		{8E60B978-5FBC-4F30-BC20-6C1F88F8F06C}.Release|Any CPU.ActiveCfg = Release|Any CPU
		{8E60B978-5FBC-4F30-BC20-6C1F88F8F06C}.Release|Any CPU.Build.0 = Release|Any CPU
		{8E60B978-5FBC-4F30-BC20-6C1F88F8F06C}.Release|x64.ActiveCfg = Release|Any CPU
		{8E60B978-5FBC-4F30-BC20-6C1F88F8F06C}.Release|x64.Build.0 = Release|Any CPU
		{8E60B978-5FBC-4F30-BC20-6C1F88F8F06C}.Release|x86.ActiveCfg = Release|Any CPU
		{8E60B978-5FBC-4F30-BC20-6C1F88F8F06C}.Release|x86.Build.0 = Release|Any CPU
	EndGlobalSection
	GlobalSection(SolutionProperties) = preSolution
		HideSolutionNode = FALSE
	EndGlobalSection
EndGlobal
